
Microsoft Visual Studio Solution File, Format Version 12.00
# Visual Studio Version 17
VisualStudioVersion = 17.9.34728.123
MinimumVisualStudioVersion = 10.0.40219.1
Project("{9A19103F-16F7-4668-BE54-9A1E7A4F7556}") = "Digger", "Digger.csproj", "{4E9DF117-9464-448E-9BF3-4B286ACA370D}"
EndProject
Global
	GlobalSection(SolutionConfigurationPlatforms) = preSolution
		Debug|Any CPU = Debug|Any CPU
		Release|Any CPU = Release|Any CPU
	EndGlobalSection
	GlobalSection(ProjectConfigurationPlatforms) = postSolution
		{4E9DF117-9464-448E-9BF3-4B286ACA370D}.Debug|Any CPU.ActiveCfg = Debug|Any CPU
		{4E9DF117-9464-448E-9BF3-4B286ACA370D}.Debug|Any CPU.Build.0 = Debug|Any CPU
		{4E9DF117-9464-448E-9BF3-4B286ACA370D}.Release|Any CPU.ActiveCfg = Release|Any CPU
		{4E9DF117-9464-448E-9BF3-4B286ACA370D}.Release|Any CPU.Build.0 = Release|Any CPU
	EndGlobalSection
	GlobalSection(SolutionProperties) = preSolution
		HideSolutionNode = FALSE
	EndGlobalSection
	GlobalSection(ExtensibilityGlobals) = postSolution
		SolutionGuid = {14EF6D2A-4F28-4280-942D-519892A1F2A6}
	EndGlobalSection
EndGlobal
